
Microsoft Visual Studio Solution File, Format Version 12.00
Project("{FAE04EC0-301F-11D3-BF4B-00C04F79EFBC}") = "sfisum", "sfisum\sfisum.csproj", "{070F7ED9-D177-4261-850D-0C97A0576D44}"
EndProject
Global
	GlobalSection(SolutionConfigurationPlatforms) = preSolution
		Debug|Any CPU = Debug|Any CPU
		Release|Any CPU = Release|Any CPU
	EndGlobalSection
	GlobalSection(ProjectConfigurationPlatforms) = postSolution
		{070F7ED9-D177-4261-850D-0C97A0576D44}.Debug|Any CPU.ActiveCfg = Debug|Any CPU
		{070F7ED9-D177-4261-850D-0C97A0576D44}.Debug|Any CPU.Build.0 = Debug|Any CPU
		{070F7ED9-D177-4261-850D-0C97A0576D44}.Release|Any CPU.ActiveCfg = Release|Any CPU
		{070F7ED9-D177-4261-850D-0C97A0576D44}.Release|Any CPU.Build.0 = Release|Any CPU
	EndGlobalSection
EndGlobal
